
Microsoft Visual Studio Solution File, Format Version 12.00
# Visual Studio Version 17
VisualStudioVersion = 17.5.33418.37
MinimumVisualStudioVersion = 10.0.40219.1
Project("{FAE04EC0-301F-11D3-BF4B-00C04F79EFBC}") = "WinFormsApp1", "WinFormsApp1\WinFormsApp1.csproj", "{2E7CB915-8DAD-4ED4-8626-A99D70D40B19}"
EndProject
Global
	GlobalSection(SolutionConfigurationPlatforms) = preSolution
		Debug|Any CPU = Debug|Any CPU
		Release|Any CPU = Release|Any CPU
	EndGlobalSection
	GlobalSection(ProjectConfigurationPlatforms) = postSolution
		{2E7CB915-8DAD-4ED4-8626-A99D70D40B19}.Debug|Any CPU.ActiveCfg = Debug|Any CPU
		{2E7CB915-8DAD-4ED4-8626-A99D70D40B19}.Debug|Any CPU.Build.0 = Debug|Any CPU
		{2E7CB915-8DAD-4ED4-8626-A99D70D40B19}.Release|Any CPU.ActiveCfg = Release|Any CPU
		{2E7CB915-8DAD-4ED4-8626-A99D70D40B19}.Release|Any CPU.Build.0 = Release|Any CPU
	EndGlobalSection
	GlobalSection(SolutionProperties) = preSolution
		HideSolutionNode = FALSE
	EndGlobalSection
	GlobalSection(ExtensibilityGlobals) = postSolution
		SolutionGuid = {132D2423-740E-4F2B-816D-DD2DBB889CCE}
	EndGlobalSection
EndGlobal
